
Microsoft Visual Studio Solution File, Format Version 12.00
# Visual Studio Version 16
VisualStudioVersion = 16.0.30804.86
MinimumVisualStudioVersion = 10.0.40219.1
Project("{FAE04EC0-301F-11D3-BF4B-00C04F79EFBC}") = "Grpc", "Grpc\Grpc.csproj", "{BCD8D787-5F2F-45CD-8AF7-37DB9ED9F18F}"
EndProject
Global
	GlobalSection(SolutionConfigurationPlatforms) = preSolution
		Debug|Any CPU = Debug|Any CPU
		Release|Any CPU = Release|Any CPU
	EndGlobalSection
	GlobalSection(ProjectConfigurationPlatforms) = postSolution
		{BCD8D787-5F2F-45CD-8AF7-37DB9ED9F18F}.Debug|Any CPU.ActiveCfg = Debug|Any CPU
		{BCD8D787-5F2F-45CD-8AF7-37DB9ED9F18F}.Debug|Any CPU.Build.0 = Debug|Any CPU
		{BCD8D787-5F2F-45CD-8AF7-37DB9ED9F18F}.Release|Any CPU.ActiveCfg = Release|Any CPU
		{BCD8D787-5F2F-45CD-8AF7-37DB9ED9F18F}.Release|Any CPU.Build.0 = Release|Any CPU
	EndGlobalSection
	GlobalSection(SolutionProperties) = preSolution
		HideSolutionNode = FALSE
	EndGlobalSection
	GlobalSection(ExtensibilityGlobals) = postSolution
		SolutionGuid = {526556C5-EAAC-42C0-A74A-154474C9D7F4}
	EndGlobalSection
EndGlobal
